// !$*UTF8*$!
{
	archiveVersion = 1;
	classes = {
	};
	objectVersion = 48;
	objects = {

/* Begin PBXBuildFile section */
		6E437EB31FE2C5A000DF2407 /* AppDelegate.swift in Sources */ = {isa = PBXBuildFile; fileRef = 6E437EB21FE2C5A000DF2407 /* AppDelegate.swift */; };
		6E437EB51FE2C5A000DF2407 /* ViewController.swift in Sources */ = {isa = PBXBuildFile; fileRef = 6E437EB41FE2C5A000DF2407 /* ViewController.swift */; };
		6E437EB71FE2C5A000DF2407 /* Assets.xcassets in Resources */ = {isa = PBXBuildFile; fileRef = 6E437EB61FE2C5A000DF2407 /* Assets.xcassets */; };
		6E437EBA1FE2C5A000DF2407 /* Main.storyboard in Resources */ = {isa = PBXBuildFile; fileRef = 6E437EB81FE2C5A000DF2407 /* Main.storyboard */; };
		6E437EC61FE2C5A000DF2407 /* NameComputerTests.swift in Sources */ = {isa = PBXBuildFile; fileRef = 6E437EC51FE2C5A000DF2407 /* NameComputerTests.swift */; };
		6E437ED11FE2C5A000DF2407 /* NameComputerUITests.swift in Sources */ = {isa = PBXBuildFile; fileRef = 6E437ED01FE2C5A000DF2407 /* NameComputerUITests.swift */; };
/* End PBXBuildFile section */

/* Begin PBXContainerItemProxy section */
		6E437EC21FE2C5A000DF2407 /* PBXContainerItemProxy */ = {
			isa = PBXContainerItemProxy;
			containerPortal = 6E437EA71FE2C59F00DF2407 /* Project object */;
			proxyType = 1;
			remoteGlobalIDString = 6E437EAE1FE2C59F00DF2407;
			remoteInfo = NameComputer;
		};
		6E437ECD1FE2C5A000DF2407 /* PBXContainerItemProxy */ = {
			isa = PBXContainerItemProxy;
			containerPortal = 6E437EA71FE2C59F00DF2407 /* Project object */;
			proxyType = 1;
			remoteGlobalIDString = 6E437EAE1FE2C59F00DF2407;
			remoteInfo = NameComputer;
		};
/* End PBXContainerItemProxy section */

/* Begin PBXFileReference section */
		6E437EAF1FE2C59F00DF2407 /* NameComputer.app */ = {isa = PBXFileReference; explicitFileType = wrapper.application; includeInIndex = 0; path = NameComputer.app; sourceTree = BUILT_PRODUCTS_DIR; };
		6E437EB21FE2C5A000DF2407 /* AppDelegate.swift */ = {isa = PBXFileReference; lastKnownFileType = sourcecode.swift; path = AppDelegate.swift; sourceTree = "<group>"; };
		6E437EB41FE2C5A000DF2407 /* ViewController.swift */ = {isa = PBXFileReference; lastKnownFileType = sourcecode.swift; path = ViewController.swift; sourceTree = "<group>"; };
		6E437EB61FE2C5A000DF2407 /* Assets.xcassets */ = {isa = PBXFileReference; lastKnownFileType = folder.assetcatalog; path = Assets.xcassets; sourceTree = "<group>"; };
		6E437EB91FE2C5A000DF2407 /* Base */ = {isa = PBXFileReference; lastKnownFileType = file.storyboard; name = Base; path = Base.lproj/Main.storyboard; sourceTree = "<group>"; };
		6E437EBB1FE2C5A000DF2407 /* Info.plist */ = {isa = PBXFileReference; lastKnownFileType = text.plist.xml; path = Info.plist; sourceTree = "<group>"; };
		6E437EBC1FE2C5A000DF2407 /* NameComputer.entitlements */ = {isa = PBXFileReference; lastKnownFileType = text.plist.entitlements; path = NameComputer.entitlements; sourceTree = "<group>"; };
		6E437EC11FE2C5A000DF2407 /* NameComputerTests.xctest */ = {isa = PBXFileReference; explicitFileType = wrapper.cfbundle; includeInIndex = 0; path = NameComputerTests.xctest; sourceTree = BUILT_PRODUCTS_DIR; };
		6E437EC51FE2C5A000DF2407 /* NameComputerTests.swift */ = {isa = PBXFileReference; lastKnownFileType = sourcecode.swift; path = NameComputerTests.swift; sourceTree = "<group>"; };
		6E437EC71FE2C5A000DF2407 /* Info.plist */ = {isa = PBXFileReference; lastKnownFileType = text.plist.xml; path = Info.plist; sourceTree = "<group>"; };
		6E437ECC1FE2C5A000DF2407 /* NameComputerUITests.xctest */ = {isa = PBXFileReference; explicitFileType = wrapper.cfbundle; includeInIndex = 0; path = NameComputerUITests.xctest; sourceTree = BUILT_PRODUCTS_DIR; };
		6E437ED01FE2C5A000DF2407 /* NameComputerUITests.swift */ = {isa = PBXFileReference; lastKnownFileType = sourcecode.swift; path = NameComputerUITests.swift; sourceTree = "<group>"; };
		6E437ED21FE2C5A000DF2407 /* Info.plist */ = {isa = PBXFileReference; lastKnownFileType = text.plist.xml; path = Info.plist; sourceTree = "<group>"; };
/* End PBXFileReference section */

/* Begin PBXFrameworksBuildPhase section */
		6E437EAC1FE2C59F00DF2407 /* Frameworks */ = {
			isa = PBXFrameworksBuildPhase;
			buildActionMask = 2147483647;
			files = (
			);
			runOnlyForDeploymentPostprocessing = 0;
		};
		6E437EBE1FE2C5A000DF2407 /* Frameworks */ = {
			isa = PBXFrameworksBuildPhase;
			buildActionMask = 2147483647;
			files = (
			);
			runOnlyForDeploymentPostprocessing = 0;
		};
		6E437EC91FE2C5A000DF2407 /* Frameworks */ = {
			isa = PBXFrameworksBuildPhase;
			buildActionMask = 2147483647;
			files = (
			);
			runOnlyForDeploymentPostprocessing = 0;
		};
/* End PBXFrameworksBuildPhase section */

/* Begin PBXGroup section */
		6E437EA61FE2C59F00DF2407 = {
			isa = PBXGroup;
			children = (
				6E437EB11FE2C59F00DF2407 /* NameComputer */,
				6E437EC41FE2C5A000DF2407 /* NameComputerTests */,
				6E437ECF1FE2C5A000DF2407 /* NameComputerUITests */,
				6E437EB01FE2C59F00DF2407 /* Products */,
			);
			sourceTree = "<group>";
		};
		6E437EB01FE2C59F00DF2407 /* Products */ = {
			isa = PBXGroup;
			children = (
				6E437EAF1FE2C59F00DF2407 /* NameComputer.app */,
				6E437EC11FE2C5A000DF2407 /* NameComputerTests.xctest */,
				6E437ECC1FE2C5A000DF2407 /* NameComputerUITests.xctest */,
			);
			name = Products;
			sourceTree = "<group>";
		};
		6E437EB11FE2C59F00DF2407 /* NameComputer */ = {
			isa = PBXGroup;
			children = (
				6E437EB21FE2C5A000DF2407 /* AppDelegate.swift */,
				6E437EB41FE2C5A000DF2407 /* ViewController.swift */,
				6E437EB61FE2C5A000DF2407 /* Assets.xcassets */,
				6E437EB81FE2C5A000DF2407 /* Main.storyboard */,
				6E437EBB1FE2C5A000DF2407 /* Info.plist */,
				6E437EBC1FE2C5A000DF2407 /* NameComputer.entitlements */,
			);
			path = NameComputer;
			sourceTree = "<group>";
		};
		6E437EC41FE2C5A000DF2407 /* NameComputerTests */ = {
			isa = PBXGroup;
			children = (
				6E437EC51FE2C5A000DF2407 /* NameComputerTests.swift */,
				6E437EC71FE2C5A000DF2407 /* Info.plist */,
			);
			path = NameComputerTests;
			sourceTree = "<group>";
		};
		6E437ECF1FE2C5A000DF2407 /* NameComputerUITests */ = {
			isa = PBXGroup;
			children = (
				6E437ED01FE2C5A000DF2407 /* NameComputerUITests.swift */,
				6E437ED21FE2C5A000DF2407 /* Info.plist */,
			);
			path = NameComputerUITests;
			sourceTree = "<group>";
		};
/* End PBXGroup section */

/* Begin PBXNativeTarget section */
		6E437EAE1FE2C59F00DF2407 /* NameComputer */ = {
			isa = PBXNativeTarget;
			buildConfigurationList = 6E437ED51FE2C5A000DF2407 /* Build configuration list for PBXNativeTarget "NameComputer" */;
			buildPhases = (
				6E437EAB1FE2C59F00DF2407 /* Sources */,
				6E437EAC1FE2C59F00DF2407 /* Frameworks */,
				6E437EAD1FE2C59F00DF2407 /* Resources */,
			);
			buildRules = (
			);
			dependencies = (
			);
			name = NameComputer;
			productName = NameComputer;
			productReference = 6E437EAF1FE2C59F00DF2407 /* NameComputer.app */;
			productType = "com.apple.product-type.application";
		};
		6E437EC01FE2C5A000DF2407 /* NameComputerTests */ = {
			isa = PBXNativeTarget;
			buildConfigurationList = 6E437ED81FE2C5A000DF2407 /* Build configuration list for PBXNativeTarget "NameComputerTests" */;
			buildPhases = (
				6E437EBD1FE2C5A000DF2407 /* Sources */,
				6E437EBE1FE2C5A000DF2407 /* Frameworks */,
				6E437EBF1FE2C5A000DF2407 /* Resources */,
			);
			buildRules = (
			);
			dependencies = (
				6E437EC31FE2C5A000DF2407 /* PBXTargetDependency */,
			);
			name = NameComputerTests;
			productName = NameComputerTests;
			productReference = 6E437EC11FE2C5A000DF2407 /* NameComputerTests.xctest */;
			productType = "com.apple.product-type.bundle.unit-test";
		};
		6E437ECB1FE2C5A000DF2407 /* NameComputerUITests */ = {
			isa = PBXNativeTarget;
			buildConfigurationList = 6E437EDB1FE2C5A000DF2407 /* Build configuration list for PBXNativeTarget "NameComputerUITests" */;
			buildPhases = (
				6E437EC81FE2C5A000DF2407 /* Sources */,
				6E437EC91FE2C5A000DF2407 /* Frameworks */,
				6E437ECA1FE2C5A000DF2407 /* Resources */,
			);
			buildRules = (
			);
			dependencies = (
				6E437ECE1FE2C5A000DF2407 /* PBXTargetDependency */,
			);
			name = NameComputerUITests;
			productName = NameComputerUITests;
			productReference = 6E437ECC1FE2C5A000DF2407 /* NameComputerUITests.xctest */;
			productType = "com.apple.product-type.bundle.ui-testing";
		};
/* End PBXNativeTarget section */

/* Begin PBXProject section */
		6E437EA71FE2C59F00DF2407 /* Project object */ = {
			isa = PBXProject;
			attributes = {
				LastSwiftUpdateCheck = 0920;
				LastUpgradeCheck = 0920;
				ORGANIZATIONNAME = "Beamly Inc";
				TargetAttributes = {
					6E437EAE1FE2C59F00DF2407 = {
						CreatedOnToolsVersion = 9.2;
						ProvisioningStyle = Automatic;
						SystemCapabilities = {
							com.apple.Sandbox = {
								enabled = 0;
							};
							com.apple.iCloud = {
								enabled = 0;
							};
						};
					};
					6E437EC01FE2C5A000DF2407 = {
						CreatedOnToolsVersion = 9.2;
						ProvisioningStyle = Automatic;
						TestTargetID = 6E437EAE1FE2C59F00DF2407;
					};
					6E437ECB1FE2C5A000DF2407 = {
						CreatedOnToolsVersion = 9.2;
						ProvisioningStyle = Automatic;
						TestTargetID = 6E437EAE1FE2C59F00DF2407;
					};
				};
			};
			buildConfigurationList = 6E437EAA1FE2C59F00DF2407 /* Build configuration list for PBXProject "NameComputer" */;
			compatibilityVersion = "Xcode 8.0";
			developmentRegion = en;
			hasScannedForEncodings = 0;
			knownRegions = (
				en,
				Base,
			);
			mainGroup = 6E437EA61FE2C59F00DF2407;
			productRefGroup = 6E437EB01FE2C59F00DF2407 /* Products */;
			projectDirPath = "";
			projectRoot = "";
			targets = (
				6E437EAE1FE2C59F00DF2407 /* NameComputer */,
				6E437EC01FE2C5A000DF2407 /* NameComputerTests */,
				6E437ECB1FE2C5A000DF2407 /* NameComputerUITests */,
			);
		};
/* End PBXProject section */

/* Begin PBXResourcesBuildPhase section */
		6E437EAD1FE2C59F00DF2407 /* Resources */ = {
			isa = PBXResourcesBuildPhase;
			buildActionMask = 2147483647;
			files = (
				6E437EB71FE2C5A000DF2407 /* Assets.xcassets in Resources */,
				6E437EBA1FE2C5A000DF2407 /* Main.storyboard in Resources */,
			);
			runOnlyForDeploymentPostprocessing = 0;
		};
		6E437EBF1FE2C5A000DF2407 /* Resources */ = {
			isa = PBXResourcesBuildPhase;
			buildActionMask = 2147483647;
			files = (
			);
			runOnlyForDeploymentPostprocessing = 0;
		};
		6E437ECA1FE2C5A000DF2407 /* Resources */ = {
			isa = PBXResourcesBuildPhase;
			buildActionMask = 2147483647;
			files = (
			);
			runOnlyForDeploymentPostprocessing = 0;
		};
/* End PBXResourcesBuildPhase section */

/* Begin PBXSourcesBuildPhase section */
		6E437EAB1FE2C59F00DF2407 /* Sources */ = {
			isa = PBXSourcesBuildPhase;
			buildActionMask = 2147483647;
			files = (
				6E437EB51FE2C5A000DF2407 /* ViewController.swift in Sources */,
				6E437EB31FE2C5A000DF2407 /* AppDelegate.swift in Sources */,
			);
			runOnlyForDeploymentPostprocessing = 0;
		};
		6E437EBD1FE2C5A000DF2407 /* Sources */ = {
			isa = PBXSourcesBuildPhase;
			buildActionMask = 2147483647;
			files = (
				6E437EC61FE2C5A000DF2407 /* NameComputerTests.swift in Sources */,
			);
			runOnlyForDeploymentPostprocessing = 0;
		};
		6E437EC81FE2C5A000DF2407 /* Sources */ = {
			isa = PBXSourcesBuildPhase;
			buildActionMask = 2147483647;
			files = (
				6E437ED11FE2C5A000DF2407 /* NameComputerUITests.swift in Sources */,
			);
			runOnlyForDeploymentPostprocessing = 0;
		};
/* End PBXSourcesBuildPhase section */

/* Begin PBXTargetDependency section */
		6E437EC31FE2C5A000DF2407 /* PBXTargetDependency */ = {
			isa = PBXTargetDependency;
			target = 6E437EAE1FE2C59F00DF2407 /* NameComputer */;
			targetProxy = 6E437EC21FE2C5A000DF2407 /* PBXContainerItemProxy */;
		};
		6E437ECE1FE2C5A000DF2407 /* PBXTargetDependency */ = {
			isa = PBXTargetDependency;
			target = 6E437EAE1FE2C59F00DF2407 /* NameComputer */;
			targetProxy = 6E437ECD1FE2C5A000DF2407 /* PBXContainerItemProxy */;
		};
/* End PBXTargetDependency section */

/* Begin PBXVariantGroup section */
		6E437EB81FE2C5A000DF2407 /* Main.storyboard */ = {
			isa = PBXVariantGroup;
			children = (
				6E437EB91FE2C5A000DF2407 /* Base */,
			);
			name = Main.storyboard;
			sourceTree = "<group>";
		};
/* End PBXVariantGroup section */

/* Begin XCBuildConfiguration section */
		6E437ED31FE2C5A000DF2407 /* Debug */ = {
			isa = XCBuildConfiguration;
			buildSettings = {
				ALWAYS_SEARCH_USER_PATHS = NO;
				CLANG_ANALYZER_NONNULL = YES;
				CLANG_ANALYZER_NUMBER_OBJECT_CONVERSION = YES_AGGRESSIVE;
				CLANG_CXX_LANGUAGE_STANDARD = "gnu++14";
				CLANG_CXX_LIBRARY = "libc++";
				CLANG_ENABLE_MODULES = YES;
				CLANG_ENABLE_OBJC_ARC = YES;
				CLANG_WARN_BLOCK_CAPTURE_AUTORELEASING = YES;
				CLANG_WARN_BOOL_CONVERSION = YES;
				CLANG_WARN_COMMA = YES;
				CLANG_WARN_CONSTANT_CONVERSION = YES;
				CLANG_WARN_DIRECT_OBJC_ISA_USAGE = YES_ERROR;
				CLANG_WARN_DOCUMENTATION_COMMENTS = YES;
				CLANG_WARN_EMPTY_BODY = YES;
				CLANG_WARN_ENUM_CONVERSION = YES;
				CLANG_WARN_INFINITE_RECURSION = YES;
				CLANG_WARN_INT_CONVERSION = YES;
				CLANG_WARN_NON_LITERAL_NULL_CONVERSION = YES;
				CLANG_WARN_OBJC_LITERAL_CONVERSION = YES;
				CLANG_WARN_OBJC_ROOT_CLASS = YES_ERROR;
				CLANG_WARN_RANGE_LOOP_ANALYSIS = YES;
				CLANG_WARN_STRICT_PROTOTYPES = YES;
				CLANG_WARN_SUSPICIOUS_MOVE = YES;
				CLANG_WARN_UNGUARDED_AVAILABILITY = YES_AGGRESSIVE;
				CLANG_WARN_UNREACHABLE_CODE = YES;
				CLANG_WARN__DUPLICATE_METHOD_MATCH = YES;
				CODE_SIGN_IDENTITY = "Mac Developer";
				COPY_PHASE_STRIP = NO;
				DEBUG_INFORMATION_FORMAT = dwarf;
				ENABLE_STRICT_OBJC_MSGSEND = YES;
				ENABLE_TESTABILITY = YES;
				GCC_C_LANGUAGE_STANDARD = gnu11;
				GCC_DYNAMIC_NO_PIC = NO;
				GCC_NO_COMMON_BLOCKS = YES;
				GCC_OPTIMIZATION_LEVEL = 0;
				GCC_PREPROCESSOR_DEFINITIONS = (
					"DEBUG=1",
					"$(inherited)",
				);
				GCC_WARN_64_TO_32_BIT_CONVERSION = YES;
				GCC_WARN_ABOUT_RETURN_TYPE = YES_ERROR;
				GCC_WARN_UNDECLARED_SELECTOR = YES;
				GCC_WARN_UNINITIALIZED_AUTOS = YES_AGGRESSIVE;
				GCC_WARN_UNUSED_FUNCTION = YES;
				GCC_WARN_UNUSED_VARIABLE = YES;
				MACOSX_DEPLOYMENT_TARGET = 10.13;
				MTL_ENABLE_DEBUG_INFO = YES;
				ONLY_ACTIVE_ARCH = YES;
				SDKROOT = macosx;
				SWIFT_ACTIVE_COMPILATION_CONDITIONS = DEBUG;
				SWIFT_OPTIMIZATION_LEVEL = "-Onone";
			};
			name = Debug;
		};
		6E437ED41FE2C5A000DF2407 /* Release */ = {
			isa = XCBuildConfiguration;
			buildSettings = {
				ALWAYS_SEARCH_USER_PATHS = NO;
				CLANG_ANALYZER_NONNULL = YES;
				CLANG_ANALYZER_NUMBER_OBJECT_CONVERSION = YES_AGGRESSIVE;
				CLANG_CXX_LANGUAGE_STANDARD = "gnu++14";
				CLANG_CXX_LIBRARY = "libc++";
				CLANG_ENABLE_MODULES = YES;
				CLANG_ENABLE_OBJC_ARC = YES;
				CLANG_WARN_BLOCK_CAPTURE_AUTORELEASING = YES;
				CLANG_WARN_BOOL_CONVERSION = YES;
				CLANG_WARN_COMMA = YES;
				CLANG_WARN_CONSTANT_CONVERSION = YES;
				CLANG_WARN_DIRECT_OBJC_ISA_USAGE = YES_ERROR;
				CLANG_WARN_DOCUMENTATION_COMMENTS = YES;
				CLANG_WARN_EMPTY_BODY = YES;
				CLANG_WARN_ENUM_CONVERSION = YES;
				CLANG_WARN_INFINITE_RECURSION = YES;
				CLANG_WARN_INT_CONVERSION = YES;
				CLANG_WARN_NON_LITERAL_NULL_CONVERSION = YES;
				CLANG_WARN_OBJC_LITERAL_CONVERSION = YES;
				CLANG_WARN_OBJC_ROOT_CLASS = YES_ERROR;
				CLANG_WARN_RANGE_LOOP_ANALYSIS = YES;
				CLANG_WARN_STRICT_PROTOTYPES = YES;
				CLANG_WARN_SUSPICIOUS_MOVE = YES;
				CLANG_WARN_UNGUARDED_AVAILABILITY = YES_AGGRESSIVE;
				CLANG_WARN_UNREACHABLE_CODE = YES;
				CLANG_WARN__DUPLICATE_METHOD_MATCH = YES;
				CODE_SIGN_IDENTITY = "Mac Developer";
				COPY_PHASE_STRIP = NO;
				DEBUG_INFORMATION_FORMAT = "dwarf-with-dsym";
				ENABLE_NS_ASSERTIONS = NO;
				ENABLE_STRICT_OBJC_MSGSEND = YES;
				GCC_C_LANGUAGE_STANDARD = gnu11;
				GCC_NO_COMMON_BLOCKS = YES;
				GCC_WARN_64_TO_32_BIT_CONVERSION = YES;
				GCC_WARN_ABOUT_RETURN_TYPE = YES_ERROR;
				GCC_WARN_UNDECLARED_SELECTOR = YES;
				GCC_WARN_UNINITIALIZED_AUTOS = YES_AGGRESSIVE;
				GCC_WARN_UNUSED_FUNCTION = YES;
				GCC_WARN_UNUSED_VARIABLE = YES;
				MACOSX_DEPLOYMENT_TARGET = 10.13;
				MTL_ENABLE_DEBUG_INFO = NO;
				SDKROOT = macosx;
				SWIFT_OPTIMIZATION_LEVEL = "-Owholemodule";
			};
			name = Release;
		};
		6E437ED61FE2C5A000DF2407 /* Debug */ = {
			isa = XCBuildConfiguration;
			buildSettings = {
				ASSETCATALOG_COMPILER_APPICON_NAME = AppIcon;
				CODE_SIGN_STYLE = Automatic;
				COMBINE_HIDPI_IMAGES = YES;
				DEVELOPMENT_TEAM = E5UM6H3RQ5;
				INFOPLIST_FILE = NameComputer/Info.plist;
				LD_RUNPATH_SEARCH_PATHS = "$(inherited) @executable_path/../Frameworks";
				MACOSX_DEPLOYMENT_TARGET = 10.12;
				PRODUCT_BUNDLE_IDENTIFIER = com.beamly.NameComputer;
				PRODUCT_NAME = "$(TARGET_NAME)";
				SWIFT_VERSION = 4.0;
			};
			name = Debug;
		};
		6E437ED71FE2C5A000DF2407 /* Release */ = {
			isa = XCBuildConfiguration;
			buildSettings = {
				ASSETCATALOG_COMPILER_APPICON_NAME = AppIcon;
				CODE_SIGN_STYLE = Automatic;
				COMBINE_HIDPI_IMAGES = YES;
				DEVELOPMENT_TEAM = E5UM6H3RQ5;
				INFOPLIST_FILE = NameComputer/Info.plist;
				LD_RUNPATH_SEARCH_PATHS = "$(inherited) @executable_path/../Frameworks";
				MACOSX_DEPLOYMENT_TARGET = 10.12;
				PRODUCT_BUNDLE_IDENTIFIER = com.beamly.NameComputer;
				PRODUCT_NAME = "$(TARGET_NAME)";
				SWIFT_VERSION = 4.0;
			};
			name = Release;
		};
		6E437ED91FE2C5A000DF2407 /* Debug */ = {
			isa = XCBuildConfiguration;
			buildSettings = {
				ALWAYS_EMBED_SWIFT_STANDARD_LIBRARIES = YES;
				BUNDLE_LOADER = "$(TEST_HOST)";
				CODE_SIGN_STYLE = Automatic;
				COMBINE_HIDPI_IMAGES = YES;
				DEVELOPMENT_TEAM = E5UM6H3RQ5;
				INFOPLIST_FILE = NameComputerTests/Info.plist;
				LD_RUNPATH_SEARCH_PATHS = "$(inherited) @executable_path/../Frameworks @loader_path/../Frameworks";
				PRODUCT_BUNDLE_IDENTIFIER = com.beamly.NameComputerTests;
				PRODUCT_NAME = "$(TARGET_NAME)";
				SWIFT_VERSION = 4.0;
				TEST_HOST = "$(BUILT_PRODUCTS_DIR)/NameComputer.app/Contents/MacOS/NameComputer";
			};
			name = Debug;
		};
		6E437EDA1FE2C5A000DF2407 /* Release */ = {
			isa = XCBuildConfiguration;
			buildSettings = {
				ALWAYS_EMBED_SWIFT_STANDARD_LIBRARIES = YES;
				BUNDLE_LOADER = "$(TEST_HOST)";
				CODE_SIGN_STYLE = Automatic;
				COMBINE_HIDPI_IMAGES = YES;
				DEVELOPMENT_TEAM = E5UM6H3RQ5;
				INFOPLIST_FILE = NameComputerTests/Info.plist;
				LD_RUNPATH_SEARCH_PATHS = "$(inherited) @executable_path/../Frameworks @loader_path/../Frameworks";
				PRODUCT_BUNDLE_IDENTIFIER = com.beamly.NameComputerTests;
				PRODUCT_NAME = "$(TARGET_NAME)";
				SWIFT_VERSION = 4.0;
				TEST_HOST = "$(BUILT_PRODUCTS_DIR)/NameComputer.app/Contents/MacOS/NameComputer";
			};
			name = Release;
		};
		6E437EDC1FE2C5A000DF2407 /* Debug */ = {
			isa = XCBuildConfiguration;
			buildSettings = {
				ALWAYS_EMBED_SWIFT_STANDARD_LIBRARIES = YES;
				CODE_SIGN_STYLE = Automatic;
				COMBINE_HIDPI_IMAGES = YES;
				DEVELOPMENT_TEAM = E5UM6H3RQ5;
				INFOPLIST_FILE = NameComputerUITests/Info.plist;
				LD_RUNPATH_SEARCH_PATHS = "$(inherited) @executable_path/../Frameworks @loader_path/../Frameworks";
				PRODUCT_BUNDLE_IDENTIFIER = com.beamly.NameComputerUITests;
				PRODUCT_NAME = "$(TARGET_NAME)";
				SWIFT_VERSION = 4.0;
				TEST_TARGET_NAME = NameComputer;
			};
			name = Debug;
		};
		6E437EDD1FE2C5A000DF2407 /* Release */ = {
			isa = XCBuildConfiguration;
			buildSettings = {
				ALWAYS_EMBED_SWIFT_STANDARD_LIBRARIES = YES;
				CODE_SIGN_STYLE = Automatic;
				COMBINE_HIDPI_IMAGES = YES;
				DEVELOPMENT_TEAM = E5UM6H3RQ5;
				INFOPLIST_FILE = NameComputerUITests/Info.plist;
				LD_RUNPATH_SEARCH_PATHS = "$(inherited) @executable_path/../Frameworks @loader_path/../Frameworks";
				PRODUCT_BUNDLE_IDENTIFIER = com.beamly.NameComputerUITests;
				PRODUCT_NAME = "$(TARGET_NAME)";
				SWIFT_VERSION = 4.0;
				TEST_TARGET_NAME = NameComputer;
			};
			name = Release;
		};
/* End XCBuildConfiguration section */

/* Begin XCConfigurationList section */
		6E437EAA1FE2C59F00DF2407 /* Build configuration list for PBXProject "NameComputer" */ = {
			isa = XCConfigurationList;
			buildConfigurations = (
				6E437ED31FE2C5A000DF2407 /* Debug */,
				6E437ED41FE2C5A000DF2407 /* Release */,
			);
			defaultConfigurationIsVisible = 0;
			defaultConfigurationName = Release;
		};
		6E437ED51FE2C5A000DF2407 /* Build configuration list for PBXNativeTarget "NameComputer" */ = {
			isa = XCConfigurationList;
			buildConfigurations = (
				6E437ED61FE2C5A000DF2407 /* Debug */,
				6E437ED71FE2C5A000DF2407 /* Release */,
			);
			defaultConfigurationIsVisible = 0;
			defaultConfigurationName = Release;
		};
		6E437ED81FE2C5A000DF2407 /* Build configuration list for PBXNativeTarget "NameComputerTests" */ = {
			isa = XCConfigurationList;
			buildConfigurations = (
				6E437ED91FE2C5A000DF2407 /* Debug */,
				6E437EDA1FE2C5A000DF2407 /* Release */,
			);
			defaultConfigurationIsVisible = 0;
			defaultConfigurationName = Release;
		};
		6E437EDB1FE2C5A000DF2407 /* Build configuration list for PBXNativeTarget "NameComputerUITests" */ = {
			isa = XCConfigurationList;
			buildConfigurations = (
				6E437EDC1FE2C5A000DF2407 /* Debug */,
				6E437EDD1FE2C5A000DF2407 /* Release */,
			);
			defaultConfigurationIsVisible = 0;
			defaultConfigurationName = Release;
		};
/* End XCConfigurationList section */
	};
	rootObject = 6E437EA71FE2C59F00DF2407 /* Project object */;
}
